<?xml version="1.0" encoding="UTF-8" standalone="yes" ?>
<CodeBlocks_project_file>
	<FileVersion major="1" minor="6" />
	<Project>
		<Option title="permutacoes" />
		<Option pch_mode="2" />
		<Option compiler="gcc" />
		<Build>
			<Target title="EasyTesting">
				<Option output="bin/easytesting/permutacoes" prefix_auto="1" extension_auto="1" />
				<Option object_output="obj/easytesting/" />
				<Option type="1" />
				<Option compiler="gcc" />
				<Compiler>
					<Add option="-g" />
				</Compiler>
			</Target>
			<Target title="Main">
				<Option output="bin/main/permutacoes" prefix_auto="1" extension_auto="1" />
				<Option object_output="obj/main/" />
				<Option type="1" />
				<Option compiler="gcc" />
				<Compiler>
					<Add option="-O2" />
				</Compiler>
				<Linker>
					<Add option="-s" />
				</Linker>
			</Target>
		</Build>
		<Compiler>
			<Add option="-Wall" />
			<Add option="-fexceptions" />
			<Add directory=".." />
		</Compiler>
		<Unit filename="../float_vector/src/float_vector.cc">
			<Option target="Main" />
		</Unit>
		<Unit filename="../float_vector/src/float_vector.h">
			<Option target="Main" />
		</Unit>
		<Unit filename="src/main.cc">
			<Option target="Main" />
		</Unit>
		<Unit filename="src/permutacoes.cc">
			<Option target="Main" />
		</Unit>
		<Unit filename="src/permutacoes.h">
			<Option target="Main" />
		</Unit>
		<Extensions>
			<code_completion />
			<envvars />
			<debugger />
			<lib_finder disable_auto="1" />
		</Extensions>
	</Project>
</CodeBlocks_project_file>
